
Microsoft Visual Studio Solution File, Format Version 12.00
# Visual Studio Version 16
VisualStudioVersion = 16.0.30011.22
MinimumVisualStudioVersion = 10.0.40219.1
Project("{2150E333-8FDC-42A3-9474-1A3956D46DE8}") = "FrontEnd", "FrontEnd", "{EE52B4FD-8F71-4CCB-95EB-7E2D973AF89F}"
EndProject
Project("{9A19103F-16F7-4668-BE54-9A1E7A4F7556}") = "Mango.Web", "Mango.Web\Mango.Web.csproj", "{BADA2B88-470D-4ECE-8997-CBA7137A58A4}"
EndProject
Project("{2150E333-8FDC-42A3-9474-1A3956D46DE8}") = "Services", "Services", "{248BBA70-D175-486E-A8CC-088ED5C4C89F}"
EndProject
Project("{9A19103F-16F7-4668-BE54-9A1E7A4F7556}") = "Mango.Services.ProductAPI", "Mango.Services.ProductAPI\Mango.Services.ProductAPI.csproj", "{86BAD0DC-CE79-4B8D-A20D-602684918CA5}"
EndProject
Project("{9A19103F-16F7-4668-BE54-9A1E7A4F7556}") = "Mango.Services.Identity", "Mango.Services.Identity\Mango.Services.Identity.csproj", "{92DAA311-553B-48A9-B1A3-2C250B23125D}"
EndProject
Project("{9A19103F-16F7-4668-BE54-9A1E7A4F7556}") = "Mango.Services.ShoppingCardAPI", "Mango.Services.ShoppingCardAPI\Mango.Services.ShoppingCardAPI.csproj", "{75376726-7E0A-4342-9D08-96C2076D2C4E}"
EndProject
Project("{9A19103F-16F7-4668-BE54-9A1E7A4F7556}") = "Mango.Services.CouponAPI", "Mango.Services.CouponAPI\Mango.Services.CouponAPI.csproj", "{ED1CB4B6-B93C-4A44-80F5-D495549BF0A3}"
EndProject
Project("{2150E333-8FDC-42A3-9474-1A3956D46DE8}") = "Integration", "Integration", "{58DC8D19-5931-44AF-BBAB-DB4F7231FDB0}"
EndProject
Project("{9A19103F-16F7-4668-BE54-9A1E7A4F7556}") = "Mango.MessageBus", "Mango.MessageBus\Mango.MessageBus.csproj", "{6BFC3E97-AC3B-466A-A408-C133502ADA19}"
EndProject
Project("{9A19103F-16F7-4668-BE54-9A1E7A4F7556}") = "Mango.Services.OrderAPI", "Mango.Services.OrderAPI\Mango.Services.OrderAPI.csproj", "{AE7859B7-24F3-475E-BC98-8EBE0C8C10A2}"
EndProject
Project("{2150E333-8FDC-42A3-9474-1A3956D46DE8}") = "Payments", "Payments", "{0C8A2D15-02A3-48BE-8828-193D512F8473}"
EndProject
Project("{9A19103F-16F7-4668-BE54-9A1E7A4F7556}") = "PaymentProcessor", "PaymentProcessor\PaymentProcessor.csproj", "{9B4318C6-B077-4899-9A9E-7EC9D78E898C}"
EndProject
Project("{9A19103F-16F7-4668-BE54-9A1E7A4F7556}") = "Mango.Services.PaymentAPI", "Mango.Services.PaymentAPI\Mango.Services.PaymentAPI.csproj", "{5680901F-E755-486D-ACE5-53A7475CCD2F}"
EndProject
Project("{9A19103F-16F7-4668-BE54-9A1E7A4F7556}") = "Mango.Services.Email", "Mango.Services.Email\Mango.Services.Email.csproj", "{9D3B8837-FF3B-4C03-9D89-BF1E86DE2ACB}"
EndProject
Project("{2150E333-8FDC-42A3-9474-1A3956D46DE8}") = "Gateway", "Gateway", "{9A0DC4F8-9420-4428-8E9F-E0500263EAE1}"
EndProject
Project("{9A19103F-16F7-4668-BE54-9A1E7A4F7556}") = "Mango.GatewaySolution", "Mango.GatewaySolution\Mango.GatewaySolution.csproj", "{0506749E-A9E6-498B-9CE7-17850C0F526D}"
EndProject
Project("{2150E333-8FDC-42A3-9474-1A3956D46DE8}") = "UnitTests", "UnitTests", "{31C9C9B2-706F-4805-8D34-2817DDB180C7}"
EndProject
Project("{FAE04EC0-301F-11D3-BF4B-00C04F79EFBC}") = "Mango.Services.ProductAPI.XUnit", "Mango.Services.ProductAPI.XUnit\Mango.Services.ProductAPI.XUnit.csproj", "{6C486885-ACA1-4788-AE3F-D150965B2832}"
EndProject
Global
	GlobalSection(SolutionConfigurationPlatforms) = preSolution
		Debug|Any CPU = Debug|Any CPU
		Release|Any CPU = Release|Any CPU
	EndGlobalSection
	GlobalSection(ProjectConfigurationPlatforms) = postSolution
		{BADA2B88-470D-4ECE-8997-CBA7137A58A4}.Debug|Any CPU.ActiveCfg = Debug|Any CPU
		{BADA2B88-470D-4ECE-8997-CBA7137A58A4}.Debug|Any CPU.Build.0 = Debug|Any CPU
		{BADA2B88-470D-4ECE-8997-CBA7137A58A4}.Release|Any CPU.ActiveCfg = Release|Any CPU
		{BADA2B88-470D-4ECE-8997-CBA7137A58A4}.Release|Any CPU.Build.0 = Release|Any CPU
		{86BAD0DC-CE79-4B8D-A20D-602684918CA5}.Debug|Any CPU.ActiveCfg = Debug|Any CPU
		{86BAD0DC-CE79-4B8D-A20D-602684918CA5}.Debug|Any CPU.Build.0 = Debug|Any CPU
		{86BAD0DC-CE79-4B8D-A20D-602684918CA5}.Release|Any CPU.ActiveCfg = Release|Any CPU
		{86BAD0DC-CE79-4B8D-A20D-602684918CA5}.Release|Any CPU.Build.0 = Release|Any CPU
		{92DAA311-553B-48A9-B1A3-2C250B23125D}.Debug|Any CPU.ActiveCfg = Debug|Any CPU
		{92DAA311-553B-48A9-B1A3-2C250B23125D}.Debug|Any CPU.Build.0 = Debug|Any CPU
		{92DAA311-553B-48A9-B1A3-2C250B23125D}.Release|Any CPU.ActiveCfg = Release|Any CPU
		{92DAA311-553B-48A9-B1A3-2C250B23125D}.Release|Any CPU.Build.0 = Release|Any CPU
		{75376726-7E0A-4342-9D08-96C2076D2C4E}.Debug|Any CPU.ActiveCfg = Debug|Any CPU
		{75376726-7E0A-4342-9D08-96C2076D2C4E}.Debug|Any CPU.Build.0 = Debug|Any CPU
		{75376726-7E0A-4342-9D08-96C2076D2C4E}.Release|Any CPU.ActiveCfg = Release|Any CPU
		{75376726-7E0A-4342-9D08-96C2076D2C4E}.Release|Any CPU.Build.0 = Release|Any CPU
		{ED1CB4B6-B93C-4A44-80F5-D495549BF0A3}.Debug|Any CPU.ActiveCfg = Debug|Any CPU
		{ED1CB4B6-B93C-4A44-80F5-D495549BF0A3}.Debug|Any CPU.Build.0 = Debug|Any CPU
		{ED1CB4B6-B93C-4A44-80F5-D495549BF0A3}.Release|Any CPU.ActiveCfg = Release|Any CPU
		{ED1CB4B6-B93C-4A44-80F5-D495549BF0A3}.Release|Any CPU.Build.0 = Release|Any CPU
		{6BFC3E97-AC3B-466A-A408-C133502ADA19}.Debug|Any CPU.ActiveCfg = Debug|Any CPU
		{6BFC3E97-AC3B-466A-A408-C133502ADA19}.Debug|Any CPU.Build.0 = Debug|Any CPU
		{6BFC3E97-AC3B-466A-A408-C133502ADA19}.Release|Any CPU.ActiveCfg = Release|Any CPU
		{6BFC3E97-AC3B-466A-A408-C133502ADA19}.Release|Any CPU.Build.0 = Release|Any CPU
		{AE7859B7-24F3-475E-BC98-8EBE0C8C10A2}.Debug|Any CPU.ActiveCfg = Debug|Any CPU
		{AE7859B7-24F3-475E-BC98-8EBE0C8C10A2}.Debug|Any CPU.Build.0 = Debug|Any CPU
		{AE7859B7-24F3-475E-BC98-8EBE0C8C10A2}.Release|Any CPU.ActiveCfg = Release|Any CPU
		{AE7859B7-24F3-475E-BC98-8EBE0C8C10A2}.Release|Any CPU.Build.0 = Release|Any CPU
		{9B4318C6-B077-4899-9A9E-7EC9D78E898C}.Debug|Any CPU.ActiveCfg = Debug|Any CPU
		{9B4318C6-B077-4899-9A9E-7EC9D78E898C}.Debug|Any CPU.Build.0 = Debug|Any CPU
		{9B4318C6-B077-4899-9A9E-7EC9D78E898C}.Release|Any CPU.ActiveCfg = Release|Any CPU
		{9B4318C6-B077-4899-9A9E-7EC9D78E898C}.Release|Any CPU.Build.0 = Release|Any CPU
		{5680901F-E755-486D-ACE5-53A7475CCD2F}.Debug|Any CPU.ActiveCfg = Debug|Any CPU
		{5680901F-E755-486D-ACE5-53A7475CCD2F}.Debug|Any CPU.Build.0 = Debug|Any CPU
		{5680901F-E755-486D-ACE5-53A7475CCD2F}.Release|Any CPU.ActiveCfg = Release|Any CPU
		{5680901F-E755-486D-ACE5-53A7475CCD2F}.Release|Any CPU.Build.0 = Release|Any CPU
		{9D3B8837-FF3B-4C03-9D89-BF1E86DE2ACB}.Debug|Any CPU.ActiveCfg = Debug|Any CPU
		{9D3B8837-FF3B-4C03-9D89-BF1E86DE2ACB}.Debug|Any CPU.Build.0 = Debug|Any CPU
		{9D3B8837-FF3B-4C03-9D89-BF1E86DE2ACB}.Release|Any CPU.ActiveCfg = Release|Any CPU
		{9D3B8837-FF3B-4C03-9D89-BF1E86DE2ACB}.Release|Any CPU.Build.0 = Release|Any CPU
		{0506749E-A9E6-498B-9CE7-17850C0F526D}.Debug|Any CPU.ActiveCfg = Debug|Any CPU
		{0506749E-A9E6-498B-9CE7-17850C0F526D}.Debug|Any CPU.Build.0 = Debug|Any CPU
		{0506749E-A9E6-498B-9CE7-17850C0F526D}.Release|Any CPU.ActiveCfg = Release|Any CPU
		{0506749E-A9E6-498B-9CE7-17850C0F526D}.Release|Any CPU.Build.0 = Release|Any CPU
		{6C486885-ACA1-4788-AE3F-D150965B2832}.Debug|Any CPU.ActiveCfg = Debug|Any CPU
		{6C486885-ACA1-4788-AE3F-D150965B2832}.Debug|Any CPU.Build.0 = Debug|Any CPU
		{6C486885-ACA1-4788-AE3F-D150965B2832}.Release|Any CPU.ActiveCfg = Release|Any CPU
		{6C486885-ACA1-4788-AE3F-D150965B2832}.Release|Any CPU.Build.0 = Release|Any CPU
	EndGlobalSection
	GlobalSection(SolutionProperties) = preSolution
		HideSolutionNode = FALSE
	EndGlobalSection
	GlobalSection(NestedProjects) = preSolution
		{BADA2B88-470D-4ECE-8997-CBA7137A58A4} = {EE52B4FD-8F71-4CCB-95EB-7E2D973AF89F}
		{86BAD0DC-CE79-4B8D-A20D-602684918CA5} = {248BBA70-D175-486E-A8CC-088ED5C4C89F}
		{92DAA311-553B-48A9-B1A3-2C250B23125D} = {248BBA70-D175-486E-A8CC-088ED5C4C89F}
		{75376726-7E0A-4342-9D08-96C2076D2C4E} = {248BBA70-D175-486E-A8CC-088ED5C4C89F}
		{ED1CB4B6-B93C-4A44-80F5-D495549BF0A3} = {248BBA70-D175-486E-A8CC-088ED5C4C89F}
		{6BFC3E97-AC3B-466A-A408-C133502ADA19} = {58DC8D19-5931-44AF-BBAB-DB4F7231FDB0}
		{AE7859B7-24F3-475E-BC98-8EBE0C8C10A2} = {248BBA70-D175-486E-A8CC-088ED5C4C89F}
		{0C8A2D15-02A3-48BE-8828-193D512F8473} = {58DC8D19-5931-44AF-BBAB-DB4F7231FDB0}
		{9B4318C6-B077-4899-9A9E-7EC9D78E898C} = {0C8A2D15-02A3-48BE-8828-193D512F8473}
		{5680901F-E755-486D-ACE5-53A7475CCD2F} = {248BBA70-D175-486E-A8CC-088ED5C4C89F}
		{9D3B8837-FF3B-4C03-9D89-BF1E86DE2ACB} = {248BBA70-D175-486E-A8CC-088ED5C4C89F}
		{0506749E-A9E6-498B-9CE7-17850C0F526D} = {9A0DC4F8-9420-4428-8E9F-E0500263EAE1}
		{31C9C9B2-706F-4805-8D34-2817DDB180C7} = {248BBA70-D175-486E-A8CC-088ED5C4C89F}
		{6C486885-ACA1-4788-AE3F-D150965B2832} = {31C9C9B2-706F-4805-8D34-2817DDB180C7}
	EndGlobalSection
	GlobalSection(ExtensibilityGlobals) = postSolution
		SolutionGuid = {36521CE9-6ADA-4239-89FC-6E8C47A1980D}
	EndGlobalSection
EndGlobal
